{
  "name": "@litongjava/dsh-plugin-deepseek-browser-use",
  "version": "0.1.0",
  "lockfileVersion": 3,
  "requires": true,
  "packages": {
    "": {
      "name": "@litongjava/dsh-plugin-deepseek-browser-use",
      "version": "0.1.0",
      "license": "MIT",
      "dependencies": {
        "@deepseek-ai/schemastery": "3.18.4",
        "zod": "4.1.12"
      },
      "devDependencies": {
        "@deepseek-ai/cordis": "4.0.4",
        "@deepseek-ai/dsh-agent": "0.1.7-rc.1",
        "@deepseek-ai/dsh-attachment": "0.1.7-rc.1",
        "@deepseek-ai/dsh-llm": "0.1.7-rc.1",
        "@deepseek-ai/dsh-sandbox": "^0.1.7-rc.1",
        "@deepseek-ai/dsh-scope": "^0.1.7-rc.1",
        "@deepseek-ai/dsh-tools": "0.1.7-rc.1",
        "@types/node": "22.19.0",
        "typescript": "5.9.3"
      },
      "engines": {
        "node": ">=22.19.0"
      },
      "peerDependencies": {
        "@deepseek-ai/cordis": "^4.0.4",
        "@deepseek-ai/dsh-agent": "0.1.7-rc.1",
        "@deepseek-ai/dsh-attachment": "0.1.7-rc.1",
        "@deepseek-ai/dsh-llm": "0.1.7-rc.1",
        "@deepseek-ai/dsh-tools": "0.1.7-rc.1"
      },
      "peerDependenciesMeta": {
        "@deepseek-ai/dsh-attachment": {
          "optional": true
        },
        "@deepseek-ai/dsh-llm": {
          "optional": true
        }
      }
    },
    "node_modules/@deepseek-ai/cordis": {
      "version": "4.0.4",
      "resolved": "https://registry.npmmirror.com/@deepseek-ai/cordis/-/cordis-4.0.4.tgz",
      "integrity": "sha512-obgyxqWAmFn3Re8kvsuUnyW+ihrz6eJCnJO4fh1cQzDtmPYz/zzVeUkH9R94I0OwSVOocK67Kgakm04j/oQXzg==",
      "dev": true,
      "license": "MIT",
      "dependencies": {
        "@deepseek-ai/cosmokit": "~1.8.5",
        "@standard-schema/spec": "^1.1.0"
      },
      "bin": {
        "cordis": "bin.js"
      },
      "peerDependencies": {
        "@deepseek-ai/cordis-plugin-include": "~1.0.9",
        "@deepseek-ai/cordis-plugin-loader": "~1.0.5"
      },
      "peerDependenciesMeta": {
        "@deepseek-ai/cordis-plugin-include": {
          "optional": true
        },
        "@deepseek-ai/cordis-plugin-loader": {
          "optional": true
        }
      }
    },
    "node_modules/@deepseek-ai/cosmokit": {
      "version": "1.8.5",
      "resolved": "https://registry.npmmirror.com/@deepseek-ai/cosmokit/-/cosmokit-1.8.5.tgz",
      "integrity": "sha512-LXsrlem9z8dq4sLflj2yuCuYX7KqhdzF5hZly3eZyuTo8d6oDSOXuEgC5DbQWKW+lksm6zmOutQLsP/ma6wR6A==",
      "license": "MIT"
    },
    "node_modules/@deepseek-ai/dsh-agent": {
      "version": "0.1.7-rc.1",
      "resolved": "https://registry.npmmirror.com/@deepseek-ai/dsh-agent/-/dsh-agent-0.1.7-rc.1.tgz",
      "integrity": "sha512-WJWJ76bFhiKOHr8mnUpNF29OO/R+t9LIONzSSHtBKypT3RMaWm/5pV8qvDyEKCtR7nLn/4q+eKfl30zKqRBKyg==",
      "dev": true,
      "license": "MIT",
      "peerDependencies": {
        "@deepseek-ai/cordis": "~4.0.4",
        "@deepseek-ai/dsh-invariants": "0.1.7-rc.1",
        "@deepseek-ai/dsh-llm": "0.1.7-rc.1",
        "@deepseek-ai/dsh-scope": "0.1.7-rc.1",
        "@deepseek-ai/dsh-session": "0.1.7-rc.1",
        "@deepseek-ai/dsh-session-projection": "0.1.7-rc.1",
        "@deepseek-ai/dsh-system-prompt": "0.1.7-rc.1",
        "@deepseek-ai/dsh-typert-protocol": "0.1.7-rc.1",
        "@deepseek-ai/dsh-util-values": "0.1.7-rc.1",
        "@deepseek-ai/dsh-workspace": "0.1.7-rc.1"
      },
      "peerDependenciesMeta": {
        "@deepseek-ai/dsh-workspace": {
          "optional": true
        }
      }
    },
    "node_modules/@deepseek-ai/dsh-attachment": {
      "version": "0.1.7-rc.1",
      "resolved": "https://registry.npmmirror.com/@deepseek-ai/dsh-attachment/-/dsh-attachment-0.1.7-rc.1.tgz",
      "integrity": "sha512-iE0RTrUw1BEg3x8dnd3al46Ze+h/Z1hY/WenvhmX6fBiDp43Y1i9eWRflv/n+rM4E3760nMXXwAT+O/PwuJhMA==",
      "dev": true,
      "license": "MIT",
      "peerDependencies": {
        "@deepseek-ai/cordis": "~4.0.4",
        "@deepseek-ai/dsh-brand": "0.1.7-rc.1"
      }
    },
    "node_modules/@deepseek-ai/dsh-brand": {
      "version": "0.1.7-rc.1",
      "resolved": "https://registry.npmmirror.com/@deepseek-ai/dsh-brand/-/dsh-brand-0.1.7-rc.1.tgz",
      "integrity": "sha512-KvfCuVAiosEyqb37LbGwi2Li90VZXcIDaqM+CxV9qNoyQmGezh8UjFkNQENieT2hPzfQ4CiADbA3vJeLpeQm/g==",
      "dev": true,
      "license": "MIT",
      "peerDependencies": {
        "@deepseek-ai/cordis": "~4.0.4"
      }
    },
    "node_modules/@deepseek-ai/dsh-llm": {
      "version": "0.1.7-rc.1",
      "resolved": "https://registry.npmmirror.com/@deepseek-ai/dsh-llm/-/dsh-llm-0.1.7-rc.1.tgz",
      "integrity": "sha512-anh5XNpkjIUdcx1blVX75FILXjl1qRPslHOaneUoBNGlm52gwbgM50qw4YH1gaFpMNLmg+l0TJnvUcgaIGPbzg==",
      "dev": true,
      "license": "MIT",
      "dependencies": {
        "@deepseek-ai/dsh-brand": "0.1.7-rc.1",
        "@deepseek-ai/dsh-timeout": "0.1.7-rc.1",
        "@deepseek-ai/dsh-typert-protocol": "0.1.7-rc.1",
        "@deepseek-ai/dsh-util-crypto": "0.1.7-rc.1",
        "@deepseek-ai/dsh-util-values": "0.1.7-rc.1",
        "@deepseek-ai/schemastery": "~3.18.4",
        "zod": "^4.4.3"
      },
      "peerDependencies": {
        "@deepseek-ai/cordis": "~4.0.4"
      }
    },
    "node_modules/@deepseek-ai/dsh-llm/node_modules/zod": {
      "version": "4.6.5",
      "resolved": "https://registry.npmmirror.com/zod/-/zod-4.6.5.tgz",
      "integrity": "sha512-v5l/aFXZQeai4awLbOpSoHecE9UiMrnfx75tEXLjNonXVARxQ5mOeipTjROUchszUNCqnE+hqAMujRsRHsut2Q==",
      "dev": true,
      "license": "MIT",
      "funding": {
        "url": "https://github.com/sponsors/colinhacks"
      }
    },
    "node_modules/@deepseek-ai/dsh-sandbox": {
      "version": "0.1.7-rc.1",
      "resolved": "https://registry.npmmirror.com/@deepseek-ai/dsh-sandbox/-/dsh-sandbox-0.1.7-rc.1.tgz",
      "integrity": "sha512-Y8G3tMkBipVJ29wQzYy3YS79FG85SX8s2TYUjSZNYg0TwixYUPvaW1EhL25keaQZkQ8KAVaEiY+kN3tcbFHxHQ==",
      "dev": true,
      "license": "MIT",
      "dependencies": {
        "@deepseek-ai/dsh-util-values": "0.1.7-rc.1"
      },
      "peerDependencies": {
        "@deepseek-ai/cordis": "~4.0.4",
        "@deepseek-ai/dsh-llm": "0.1.7-rc.1",
        "@deepseek-ai/dsh-session": "0.1.7-rc.1"
      }
    },
    "node_modules/@deepseek-ai/dsh-scope": {
      "version": "0.1.7-rc.1",
      "resolved": "https://registry.npmmirror.com/@deepseek-ai/dsh-scope/-/dsh-scope-0.1.7-rc.1.tgz",
      "integrity": "sha512-douIAb+JNUHa6NoLvrgxY3f04NYfR6ZWcdmRnng5KTu+dbR/RrQLsxcG5unOJod1bn6aHQI3PLQ+FOP0zPaZTg==",
      "dev": true,
      "license": "MIT",
      "peerDependencies": {
        "@deepseek-ai/cordis": "~4.0.4",
        "@deepseek-ai/dsh-invariants": "0.1.7-rc.1"
      }
    },
    "node_modules/@deepseek-ai/dsh-timeout": {
      "version": "0.1.7-rc.1",
      "resolved": "https://registry.npmmirror.com/@deepseek-ai/dsh-timeout/-/dsh-timeout-0.1.7-rc.1.tgz",
      "integrity": "sha512-gIwkv++KmjsVoaAiI4p42YbJKR65Lh/mfTfrjOpB+mon79R4EUaPytamsWf0zw0Bt5zQ6qeIfCif1xeFHjdGJw==",
      "dev": true,
      "license": "MIT",
      "peerDependencies": {
        "@deepseek-ai/cordis": "~4.0.4"
      }
    },
    "node_modules/@deepseek-ai/dsh-tools": {
      "version": "0.1.7-rc.1",
      "resolved": "https://registry.npmmirror.com/@deepseek-ai/dsh-tools/-/dsh-tools-0.1.7-rc.1.tgz",
      "integrity": "sha512-7PoWPf0VTcpK/RY8w78gUhLCmTfgCGGsbbi1hrR0JMMiKI4wAhpVEDO8u9lht5uCLm5wfQ+DP+rKl7LdwT4HrA==",
      "dev": true,
      "license": "MIT",
      "dependencies": {
        "@deepseek-ai/dsh-brand": "0.1.7-rc.1",
        "@deepseek-ai/dsh-util-values": "0.1.7-rc.1",
        "@deepseek-ai/schemastery": "~3.18.4"
      },
      "peerDependencies": {
        "@deepseek-ai/cordis": "~4.0.4",
        "@deepseek-ai/dsh-agent": "0.1.7-rc.1",
        "@deepseek-ai/dsh-invariants": "0.1.7-rc.1",
        "@deepseek-ai/dsh-llm": "0.1.7-rc.1",
        "@deepseek-ai/dsh-ptc-runtime": "0.1.7-rc.1",
        "@deepseek-ai/dsh-sandbox": "0.1.7-rc.1",
        "@deepseek-ai/dsh-sandbox-policy": "0.1.7-rc.1",
        "@deepseek-ai/dsh-scope": "0.1.7-rc.1",
        "@deepseek-ai/dsh-session": "0.1.7-rc.1",
        "@deepseek-ai/dsh-system-prompt": "0.1.7-rc.1",
        "@deepseek-ai/dsh-user-approval": "0.1.7-rc.1"
      }
    },
    "node_modules/@deepseek-ai/dsh-typert-protocol": {
      "version": "0.1.7-rc.1",
      "resolved": "https://registry.npmmirror.com/@deepseek-ai/dsh-typert-protocol/-/dsh-typert-protocol-0.1.7-rc.1.tgz",
      "integrity": "sha512-DOJiFdvHl1RoJHO7C6XymZUqVZwZiF7JL1PS+AEtQWg6nsYXvlkF1VLbwzPxMW470RzzimGLCz7boOxx086dLA==",
      "dev": true,
      "license": "MIT",
      "dependencies": {
        "@deepseek-ai/dsh-brand": "0.1.7-rc.1"
      },
      "peerDependencies": {
        "@deepseek-ai/cordis": "~4.0.4"
      }
    },
    "node_modules/@deepseek-ai/dsh-util-crypto": {
      "version": "0.1.7-rc.1",
      "resolved": "https://registry.npmmirror.com/@deepseek-ai/dsh-util-crypto/-/dsh-util-crypto-0.1.7-rc.1.tgz",
      "integrity": "sha512-jzJFXwDMAQQQcticHErnVEcINCq9P9XSHgZ7VHE4xv6huqXLiRnLN1KWDD96s/vKf9lfrXF3HJr/xNZxyvbcIg==",
      "dev": true,
      "license": "MIT",
      "peerDependencies": {
        "@deepseek-ai/cordis": "~4.0.4"
      }
    },
    "node_modules/@deepseek-ai/dsh-util-values": {
      "version": "0.1.7-rc.1",
      "resolved": "https://registry.npmmirror.com/@deepseek-ai/dsh-util-values/-/dsh-util-values-0.1.7-rc.1.tgz",
      "integrity": "sha512-PYSCI/0VxMQS8igLUrSZASuijiTwiCCfgYGn5K7pSLvs0fZn8ccX0NWYFzorPGQH3tYSFpWSHLNQeGgj14ZwDw==",
      "dev": true,
      "license": "MIT",
      "peerDependencies": {
        "@deepseek-ai/cordis": "~4.0.4"
      }
    },
    "node_modules/@deepseek-ai/schemastery": {
      "version": "3.18.4",
      "resolved": "https://registry.npmmirror.com/@deepseek-ai/schemastery/-/schemastery-3.18.4.tgz",
      "integrity": "sha512-SSXO6tYuyrIqKVbmOnIq0s+riUywYzouFMcnBluHF9n4KMo2G8HvEzhCYj6pj2617/glOjbJuVInJ9hfONsjkg==",
      "license": "MIT",
      "dependencies": {
        "@deepseek-ai/cosmokit": "~1.8.5",
        "@standard-schema/spec": "^1.1.0"
      }
    },
    "node_modules/@standard-schema/spec": {
      "version": "1.1.0",
      "resolved": "https://registry.npmmirror.com/@standard-schema/spec/-/spec-1.1.0.tgz",
      "integrity": "sha512-l2aFy5jALhniG5HgqrD6jXLi/rUWrKvqN/qJx6yoJsgKhblVd+iqqU4RCXavm/jPityDo5TCvKMnpjKnOriy0w==",
      "license": "MIT"
    },
    "node_modules/@types/node": {
      "version": "22.19.0",
      "resolved": "https://registry.npmmirror.com/@types/node/-/node-22.19.0.tgz",
      "integrity": "sha512-xpr/lmLPQEj+TUnHmR+Ab91/glhJvsqcjB+yY0Ix9GO70H6Lb4FHH5GeqdOE5btAx7eIMwuHkp4H2MSkLcqWbA==",
      "dev": true,
      "license": "MIT",
      "dependencies": {
        "undici-types": "~6.21.0"
      }
    },
    "node_modules/typescript": {
      "version": "5.9.3",
      "resolved": "https://registry.npmmirror.com/typescript/-/typescript-5.9.3.tgz",
      "integrity": "sha512-jl1vZzPDinLr9eUt3J/t7V6FgNEw9QjvBPdysz9KfQDD41fQrC2Y4vKQdiaUpFT4bXlb1RHhLpp8wtm6M5TgSw==",
      "dev": true,
      "license": "Apache-2.0",
      "bin": {
        "tsc": "bin/tsc",
        "tsserver": "bin/tsserver"
      },
      "engines": {
        "node": ">=14.17"
      }
    },
    "node_modules/undici-types": {
      "version": "6.21.0",
      "resolved": "https://registry.npmmirror.com/undici-types/-/undici-types-6.21.0.tgz",
      "integrity": "sha512-iwDZqg0QAGrg9Rav5H4n0M64c3mkR59cJ6wQp+7C4nI0gsmExaedaYLNO44eT4AtBBwjbTiGPMlt2Md0T9H9JQ==",
      "dev": true,
      "license": "MIT"
    },
    "node_modules/zod": {
      "version": "4.1.12",
      "resolved": "https://registry.npmmirror.com/zod/-/zod-4.1.12.tgz",
      "integrity": "sha512-JInaHOamG8pt5+Ey8kGmdcAcg3OL9reK8ltczgHTAwNhMys/6ThXHityHxVV2p3fkw/c+MAvBHFVYHFZDmjMCQ==",
      "license": "MIT",
      "funding": {
        "url": "https://github.com/sponsors/colinhacks"
      }
    }
  }
}
